
Microsoft Visual Studio Solution File, Format Version 12.00
# Visual Studio Version 16
VisualStudioVersion = 16.0.30517.126
MinimumVisualStudioVersion = 10.0.40219.1
Project("{9A19103F-16F7-4668-BE54-9A1E7A4F7556}") = "List", "LinkedList\List.csproj", "{C50E7AFF-6B50-4CE0-9AED-752BEA805665}"
EndProject
Global
	GlobalSection(SolutionConfigurationPlatforms) = preSolution
		Debug|Any CPU = Debug|Any CPU
		Release|Any CPU = Release|Any CPU
	EndGlobalSection
	GlobalSection(ProjectConfigurationPlatforms) = postSolution
		{C50E7AFF-6B50-4CE0-9AED-752BEA805665}.Debug|Any CPU.ActiveCfg = Debug|Any CPU
		{C50E7AFF-6B50-4CE0-9AED-752BEA805665}.Debug|Any CPU.Build.0 = Debug|Any CPU
		{C50E7AFF-6B50-4CE0-9AED-752BEA805665}.Release|Any CPU.ActiveCfg = Release|Any CPU
		{C50E7AFF-6B50-4CE0-9AED-752BEA805665}.Release|Any CPU.Build.0 = Release|Any CPU
	EndGlobalSection
	GlobalSection(SolutionProperties) = preSolution
		HideSolutionNode = FALSE
	EndGlobalSection
	GlobalSection(ExtensibilityGlobals) = postSolution
		SolutionGuid = {7D4D7BA8-59E3-4C60-B5F6-D3ED62D67A7B}
	EndGlobalSection
EndGlobal
